// !$*UTF8*$!
{
	archiveVersion = 1;
	classes = {
	};
	objectVersion = 110;
	objects = {

/* Begin PBXBuildFile section */
		7F3A06122FFFA200009FE963 /* StashKeeperWidgets.appex in Embed Foundation Extensions */ = {isa = PBXBuildFile; fileRef = 7F3A06002FFFA200009FE963 /* StashKeeperWidgets.appex */; settings = {ATTRIBUTES = (RemoveHeadersOnCopy, ); }; };
/* End PBXBuildFile section */

/* Begin PBXContainerItemProxy section */
		7F3A060E2FFFA200009FE963 /* PBXContainerItemProxy */ = {
			isa = PBXContainerItemProxy;
			containerPortal = 7F3A04A82FFFA16F009FE963 /* Project object */;
			proxyType = 1;
			remoteGlobalIDString = 7F3A06012FFFA200009FE963;
			remoteInfo = StashKeeperWidgets;
		};
		7F3A061E2FFFA200009FE963 /* PBXContainerItemProxy */ = {
			isa = PBXContainerItemProxy;
			containerPortal = 7F3A04A82FFFA16F009FE963 /* Project object */;
			proxyType = 1;
			remoteGlobalIDString = 7F3A04AF2FFFA16F009FE963;
			remoteInfo = StashKeeper;
		};
/* End PBXContainerItemProxy section */

/* Begin PBXCopyFilesBuildPhase section */
		7F3A060C2FFFA200009FE963 /* Embed Foundation Extensions */ = {
			isa = PBXCopyFilesBuildPhase;
			buildActionMask = 2147483647;
			dstPath = "";
			dstSubfolderSpec = 13;
			files = (
				7F3A06122FFFA200009FE963 /* StashKeeperWidgets.appex in Embed Foundation Extensions */,
			);
			name = "Embed Foundation Extensions";
			runOnlyForDeploymentPostprocessing = 0;
		};
/* End PBXCopyFilesBuildPhase section */

/* Begin PBXFileReference section */
		7F3A04B02FFFA16F009FE963 /* StashKeeper.app */ = {isa = PBXFileReference; explicitFileType = wrapper.application; includeInIndex = 0; path = StashKeeper.app; sourceTree = BUILT_PRODUCTS_DIR; };
		7F3A06002FFFA200009FE963 /* StashKeeperWidgets.appex */ = {isa = PBXFileReference; explicitFileType = "wrapper.app-extension"; includeInIndex = 0; path = StashKeeperWidgets.appex; sourceTree = BUILT_PRODUCTS_DIR; };
		7F3A06102FFFA200009FE963 /* StashKeeperTests.xctest */ = {isa = PBXFileReference; explicitFileType = wrapper.cfbundle; includeInIndex = 0; path = StashKeeperTests.xctest; sourceTree = BUILT_PRODUCTS_DIR; };
/* End PBXFileReference section */

/* Begin PBXFileSystemSynchronizedBuildFileExceptionSet section */
		7F3A04BD2FFFA171009FE963 /* Exceptions for "StashKeeper" folder in "StashKeeper" target */ = {
			isa = PBXFileSystemSynchronizedBuildFileExceptionSet;
			membershipExceptions = (
				Info.plist,
				StashKeeper.entitlements,
				StashKeeper.macos.entitlements,
			);
			target = 7F3A04AF2FFFA16F009FE963 /* StashKeeper */;
		};
		7F3A06062FFFA200009FE963 /* Exceptions for "StashKeeperWidgets" folder in "StashKeeperWidgets" target */ = {
			isa = PBXFileSystemSynchronizedBuildFileExceptionSet;
			membershipExceptions = (
				Info.plist,
				StashKeeperWidgetsExtension.entitlements,
			);
			target = 7F3A06012FFFA200009FE963 /* StashKeeperWidgets */;
		};
		7F3A06202FFFA200009FE963 /* Exceptions for "Models" folder in "StashKeeperWidgets" target */ = {
			isa = PBXFileSystemSynchronizedBuildFileExceptionSet;
			membershipExceptions = (
				ItemAnalysis.swift,
				RecipeSuggestion.swift,
				ReceiptModels.swift,
			);
			target = 7F3A06012FFFA200009FE963 /* StashKeeperWidgets */;
		};
		7F3A060B2FFFA200009FE963 /* Exceptions for "LiveActivity" folder in "StashKeeperWidgets" target */ = {
			isa = PBXFileSystemSynchronizedBuildFileExceptionSet;
			membershipExceptions = (
				StashScanActivityController.swift,
			);
			target = 7F3A06012FFFA200009FE963 /* StashKeeperWidgets */;
		};
/* End PBXFileSystemSynchronizedBuildFileExceptionSet section */

/* Begin PBXFileSystemSynchronizedRootGroup section */
		7F3A04B22FFFA16F009FE963 /* StashKeeper */ = {
			isa = PBXFileSystemSynchronizedRootGroup;
			exceptions = (
				7F3A04BD2FFFA171009FE963 /* Exceptions for "StashKeeper" folder in "StashKeeper" target */,
			);
			path = StashKeeper;
			sourceTree = "<group>";
		};
		7F3A06052FFFA200009FE963 /* StashKeeperWidgets */ = {
			isa = PBXFileSystemSynchronizedRootGroup;
			exceptions = (
				7F3A06062FFFA200009FE963 /* Exceptions for "StashKeeperWidgets" folder in "StashKeeperWidgets" target */,
			);
			path = StashKeeperWidgets;
			sourceTree = "<group>";
		};
		7F3A060A2FFFA200009FE963 /* Models for widgets */ = {
			isa = PBXFileSystemSynchronizedRootGroup;
			exceptions = (
				7F3A06202FFFA200009FE963 /* Exceptions for "Models" folder in "StashKeeperWidgets" target */,
			);
			path = StashKeeper/Models;
			sourceTree = "<group>";
		};
		7F3A060F2FFFA200009FE963 /* LiveActivity for widgets */ = {
			isa = PBXFileSystemSynchronizedRootGroup;
			exceptions = (
				7F3A060B2FFFA200009FE963 /* Exceptions for "LiveActivity" folder in "StashKeeperWidgets" target */,
			);
			path = StashKeeper/LiveActivity;
			sourceTree = "<group>";
		};
		7F3A06132FFFA200009FE963 /* StashKeeperTests */ = {
			isa = PBXFileSystemSynchronizedRootGroup;
			path = StashKeeperTests;
			sourceTree = "<group>";
		};
/* End PBXFileSystemSynchronizedRootGroup section */

/* Begin PBXFrameworksBuildPhase section */
		7F3A04AD2FFFA16F009FE963 /* Frameworks */ = {
			isa = PBXFrameworksBuildPhase;
			files = (
			);
		};
		7F3A06032FFFA200009FE963 /* Frameworks */ = {
			isa = PBXFrameworksBuildPhase;
			files = (
			);
		};
		7F3A06152FFFA200009FE963 /* Frameworks */ = {
			isa = PBXFrameworksBuildPhase;
			files = (
			);
		};
/* End PBXFrameworksBuildPhase section */

/* Begin PBXGroup section */
		7F3A04A72FFFA16F009FE963 = {
			isa = PBXGroup;
			children = (
				7F3A04B22FFFA16F009FE963 /* StashKeeper */,
				7F3A06052FFFA200009FE963 /* StashKeeperWidgets */,
				7F3A06132FFFA200009FE963 /* StashKeeperTests */,
				7F3A04B12FFFA16F009FE963 /* Products */,
			);
			sourceTree = "<group>";
		};
		7F3A04B12FFFA16F009FE963 /* Products */ = {
			isa = PBXGroup;
			children = (
				7F3A04B02FFFA16F009FE963 /* StashKeeper.app */,
				7F3A06002FFFA200009FE963 /* StashKeeperWidgets.appex */,
				7F3A06102FFFA200009FE963 /* StashKeeperTests.xctest */,
			);
			name = Products;
			sourceTree = "<group>";
		};
/* End PBXGroup section */

/* Begin PBXNativeTarget section */
		7F3A04AF2FFFA16F009FE963 /* StashKeeper */ = {
			isa = PBXNativeTarget;
			buildConfigurationList = 7F3A04BE2FFFA171009FE963 /* Build configuration list for PBXNativeTarget "StashKeeper" */;
			buildPhases = (
				7F3A04AC2FFFA16F009FE963 /* Sources */,
				7F3A04AD2FFFA16F009FE963 /* Frameworks */,
				7F3A04AE2FFFA16F009FE963 /* Resources */,
				7F3A060C2FFFA200009FE963 /* Embed Foundation Extensions */,
			);
			buildRules = (
			);
			dependencies = (
				7F3A060D2FFFA200009FE963 /* PBXTargetDependency */,
			);
			fileSystemSynchronizedGroups = (
				7F3A04B22FFFA16F009FE963 /* StashKeeper */,
			);
			name = StashKeeper;
			productName = StashKeeper;
			productReference = 7F3A04B02FFFA16F009FE963 /* StashKeeper.app */;
			productType = "com.apple.product-type.application";
		};
		7F3A06012FFFA200009FE963 /* StashKeeperWidgets */ = {
			isa = PBXNativeTarget;
			buildConfigurationList = 7F3A06092FFFA200009FE963 /* Build configuration list for PBXNativeTarget "StashKeeperWidgets" */;
			buildPhases = (
				7F3A06022FFFA200009FE963 /* Sources */,
				7F3A06032FFFA200009FE963 /* Frameworks */,
				7F3A06042FFFA200009FE963 /* Resources */,
			);
			buildRules = (
			);
			dependencies = (
			);
			fileSystemSynchronizedGroups = (
				7F3A06052FFFA200009FE963 /* StashKeeperWidgets */,
				7F3A060A2FFFA200009FE963 /* Models for widgets */,
				7F3A060F2FFFA200009FE963 /* LiveActivity for widgets */,
			);
			name = StashKeeperWidgets;
			productName = StashKeeperWidgets;
			productReference = 7F3A06002FFFA200009FE963 /* StashKeeperWidgets.appex */;
			productType = "com.apple.product-type.app-extension";
		};
		7F3A06112FFFA200009FE963 /* StashKeeperTests */ = {
			isa = PBXNativeTarget;
			buildConfigurationList = 7F3A06192FFFA200009FE963 /* Build configuration list for PBXNativeTarget "StashKeeperTests" */;
			buildPhases = (
				7F3A06142FFFA200009FE963 /* Sources */,
				7F3A06152FFFA200009FE963 /* Frameworks */,
				7F3A06162FFFA200009FE963 /* Resources */,
			);
			buildRules = (
			);
			dependencies = (
				7F3A061F2FFFA200009FE963 /* PBXTargetDependency */,
			);
			fileSystemSynchronizedGroups = (
				7F3A06132FFFA200009FE963 /* StashKeeperTests */,
			);
			name = StashKeeperTests;
			productName = StashKeeperTests;
			productReference = 7F3A06102FFFA200009FE963 /* StashKeeperTests.xctest */;
			productType = "com.apple.product-type.bundle.unit-test";
		};
/* End PBXNativeTarget section */

/* Begin PBXProject section */
		7F3A04A82FFFA16F009FE963 /* Project object */ = {
			isa = PBXProject;
			attributes = {
				BuildIndependentTargetsInParallel = 1;
				LastSwiftUpdateCheck = 2700;
				LastUpgradeCheck = 2700;
				TargetAttributes = {
					7F3A04AF2FFFA16F009FE963 = {
						CreatedOnToolsVersion = 27.0;
					};
					7F3A06012FFFA200009FE963 = {
						CreatedOnToolsVersion = 27.0;
					};
					7F3A06112FFFA200009FE963 = {
						CreatedOnToolsVersion = 27.0;
					};
				};
			};
			buildConfigurationList = 7F3A04AB2FFFA16F009FE963 /* Build configuration list for PBXProject "StashKeeper" */;
			developmentRegion = en;
			hasScannedForEncodings = 0;
			knownRegions = (
				en,
				Base,
			);
			mainGroup = 7F3A04A72FFFA16F009FE963;
			minimizedProjectReferenceProxies = 1;
			preferredProjectObjectVersion = 77;
			productRefGroup = 7F3A04B12FFFA16F009FE963 /* Products */;
			projectDirPath = "";
			projectRoot = "";
			targets = (
				7F3A04AF2FFFA16F009FE963 /* StashKeeper */,
				7F3A06012FFFA200009FE963 /* StashKeeperWidgets */,
				7F3A06112FFFA200009FE963 /* StashKeeperTests */,
			);
		};
/* End PBXProject section */

/* Begin PBXResourcesBuildPhase section */
		7F3A04AE2FFFA16F009FE963 /* Resources */ = {
			isa = PBXResourcesBuildPhase;
			files = (
			);
		};
		7F3A06042FFFA200009FE963 /* Resources */ = {
			isa = PBXResourcesBuildPhase;
			files = (
			);
		};
		7F3A06162FFFA200009FE963 /* Resources */ = {
			isa = PBXResourcesBuildPhase;
			files = (
			);
		};
/* End PBXResourcesBuildPhase section */

/* Begin PBXSourcesBuildPhase section */
		7F3A04AC2FFFA16F009FE963 /* Sources */ = {
			isa = PBXSourcesBuildPhase;
			files = (
			);
		};
		7F3A06022FFFA200009FE963 /* Sources */ = {
			isa = PBXSourcesBuildPhase;
			files = (
			);
		};
		7F3A06142FFFA200009FE963 /* Sources */ = {
			isa = PBXSourcesBuildPhase;
			files = (
			);
		};
/* End PBXSourcesBuildPhase section */

/* Begin PBXTargetDependency section */
		7F3A060D2FFFA200009FE963 /* PBXTargetDependency */ = {
			isa = PBXTargetDependency;
			target = 7F3A06012FFFA200009FE963 /* StashKeeperWidgets */;
			targetProxy = 7F3A060E2FFFA200009FE963 /* PBXContainerItemProxy */;
		};
		7F3A061F2FFFA200009FE963 /* PBXTargetDependency */ = {
			isa = PBXTargetDependency;
			target = 7F3A04AF2FFFA16F009FE963 /* StashKeeper */;
			targetProxy = 7F3A061E2FFFA200009FE963 /* PBXContainerItemProxy */;
		};
/* End PBXTargetDependency section */

/* Begin XCBuildConfiguration section */
		7F3A04BF2FFFA171009FE963 /* Debug configuration for PBXNativeTarget "StashKeeper" */ = {
			isa = XCBuildConfiguration;
			buildSettings = {
				ASSETCATALOG_COMPILER_APPICON_NAME = AppIcon;
				ASSETCATALOG_COMPILER_GLOBAL_ACCENT_COLOR_NAME = AccentColor;
				CODE_SIGN_ENTITLEMENTS = StashKeeper/StashKeeper.entitlements;
				"CODE_SIGN_ENTITLEMENTS[sdk=macosx*]" = StashKeeper/StashKeeper.macos.entitlements;
				"CODE_SIGN_ENTITLEMENTS[sdk=xros*]" = StashKeeper/StashKeeper.macos.entitlements;
				"CODE_SIGN_ENTITLEMENTS[sdk=xrsimulator*]" = StashKeeper/StashKeeper.macos.entitlements;
				CODE_SIGN_STYLE = Automatic;
				CURRENT_PROJECT_VERSION = 1;
				DEVELOPMENT_TEAM = U65M73K349;
				ENABLE_APP_SANDBOX = YES;
				ENABLE_HARDENED_RUNTIME = YES;
				ENABLE_INCOMING_NETWORK_CONNECTIONS = NO;
				ENABLE_OUTGOING_NETWORK_CONNECTIONS = YES;
				ENABLE_PREVIEWS = YES;
				ENABLE_USER_SELECTED_FILES = readonly;
				GENERATE_INFOPLIST_FILE = YES;
				INFOPLIST_FILE = StashKeeper/Info.plist;
				INFOPLIST_KEY_NSCameraUsageDescription = "StashKeeper can use the camera to photograph items you want to catalog.";
				INFOPLIST_KEY_NSHealthShareUsageDescription = "StashKeeper may read limited activity and dietary summary data to personalize recipe suggestions. It does not sell or share this data.";
				INFOPLIST_KEY_NSHealthUpdateUsageDescription = "StashKeeper can log nutrition facts for food items you choose to send to Apple Health.";
				INFOPLIST_KEY_NSPhotoLibraryUsageDescription = "StashKeeper needs photo access so you can catalog items from pictures of your shelves, fridge, or packaging.";
				"INFOPLIST_KEY_UIApplicationSceneManifest_Generation[sdk=iphoneos*]" = YES;
				"INFOPLIST_KEY_UIApplicationSceneManifest_Generation[sdk=iphonesimulator*]" = YES;
				"INFOPLIST_KEY_UIApplicationSupportsIndirectInputEvents[sdk=iphoneos*]" = YES;
				"INFOPLIST_KEY_UIApplicationSupportsIndirectInputEvents[sdk=iphonesimulator*]" = YES;
				"INFOPLIST_KEY_NSSupportsLiveActivities[sdk=iphoneos*]" = YES;
				"INFOPLIST_KEY_NSSupportsLiveActivities[sdk=iphonesimulator*]" = YES;
				"INFOPLIST_KEY_UILaunchScreen_Generation[sdk=iphoneos*]" = YES;
				"INFOPLIST_KEY_UILaunchScreen_Generation[sdk=iphonesimulator*]" = YES;
				"INFOPLIST_KEY_UIStatusBarStyle[sdk=iphoneos*]" = UIStatusBarStyleDefault;
				"INFOPLIST_KEY_UIStatusBarStyle[sdk=iphonesimulator*]" = UIStatusBarStyleDefault;
				INFOPLIST_KEY_UISupportedInterfaceOrientations_iPad = "UIInterfaceOrientationPortrait UIInterfaceOrientationPortraitUpsideDown UIInterfaceOrientationLandscapeLeft UIInterfaceOrientationLandscapeRight";
				INFOPLIST_KEY_UISupportedInterfaceOrientations_iPhone = "UIInterfaceOrientationPortrait UIInterfaceOrientationLandscapeLeft UIInterfaceOrientationLandscapeRight";
				IPHONEOS_DEPLOYMENT_TARGET = 27.0;
				LD_RUNPATH_SEARCH_PATHS = "@executable_path/Frameworks";
				"LD_RUNPATH_SEARCH_PATHS[sdk=macosx*]" = "@executable_path/../Frameworks";
				MACOSX_DEPLOYMENT_TARGET = 27.0;
				MARKETING_VERSION = 1.0;
				PRODUCT_BUNDLE_IDENTIFIER = com.piyushpatnaik.StashKeeper;
				PRODUCT_NAME = "$(TARGET_NAME)";
				SDKROOT = auto;
				STRING_CATALOG_GENERATE_SYMBOLS = YES;
				SUPPORTED_PLATFORMS = "iphoneos iphonesimulator macosx";
				SWIFT_APPROACHABLE_CONCURRENCY = YES;
				SWIFT_DEFAULT_ACTOR_ISOLATION = MainActor;
				SWIFT_EMIT_LOC_STRINGS = YES;
				SWIFT_STRICT_CONCURRENCY = complete;
				SWIFT_UPCOMING_FEATURE_MEMBER_IMPORT_VISIBILITY = YES;
				SWIFT_VERSION = 6.0;
				TARGETED_DEVICE_FAMILY = "1,2";
			};
			name = Debug;
		};
		7F3A04C02FFFA171009FE963 /* Release configuration for PBXNativeTarget "StashKeeper" */ = {
			isa = XCBuildConfiguration;
			buildSettings = {
				ASSETCATALOG_COMPILER_APPICON_NAME = AppIcon;
				ASSETCATALOG_COMPILER_GLOBAL_ACCENT_COLOR_NAME = AccentColor;
				CODE_SIGN_ENTITLEMENTS = StashKeeper/StashKeeper.entitlements;
				"CODE_SIGN_ENTITLEMENTS[sdk=macosx*]" = StashKeeper/StashKeeper.macos.entitlements;
				"CODE_SIGN_ENTITLEMENTS[sdk=xros*]" = StashKeeper/StashKeeper.macos.entitlements;
				"CODE_SIGN_ENTITLEMENTS[sdk=xrsimulator*]" = StashKeeper/StashKeeper.macos.entitlements;
				CODE_SIGN_STYLE = Automatic;
				CURRENT_PROJECT_VERSION = 1;
				DEVELOPMENT_TEAM = U65M73K349;
				ENABLE_APP_SANDBOX = YES;
				ENABLE_HARDENED_RUNTIME = YES;
				ENABLE_INCOMING_NETWORK_CONNECTIONS = NO;
				ENABLE_OUTGOING_NETWORK_CONNECTIONS = YES;
				ENABLE_PREVIEWS = YES;
				ENABLE_USER_SELECTED_FILES = readonly;
				GENERATE_INFOPLIST_FILE = YES;
				INFOPLIST_FILE = StashKeeper/Info.plist;
				INFOPLIST_KEY_NSCameraUsageDescription = "StashKeeper can use the camera to photograph items you want to catalog.";
				INFOPLIST_KEY_NSHealthShareUsageDescription = "StashKeeper may read limited activity and dietary summary data to personalize recipe suggestions. It does not sell or share this data.";
				INFOPLIST_KEY_NSHealthUpdateUsageDescription = "StashKeeper can log nutrition facts for food items you choose to send to Apple Health.";
				INFOPLIST_KEY_NSPhotoLibraryUsageDescription = "StashKeeper needs photo access so you can catalog items from pictures of your shelves, fridge, or packaging.";
				"INFOPLIST_KEY_UIApplicationSceneManifest_Generation[sdk=iphoneos*]" = YES;
				"INFOPLIST_KEY_UIApplicationSceneManifest_Generation[sdk=iphonesimulator*]" = YES;
				"INFOPLIST_KEY_UIApplicationSupportsIndirectInputEvents[sdk=iphoneos*]" = YES;
				"INFOPLIST_KEY_UIApplicationSupportsIndirectInputEvents[sdk=iphonesimulator*]" = YES;
				"INFOPLIST_KEY_NSSupportsLiveActivities[sdk=iphoneos*]" = YES;
				"INFOPLIST_KEY_NSSupportsLiveActivities[sdk=iphonesimulator*]" = YES;
				"INFOPLIST_KEY_UILaunchScreen_Generation[sdk=iphoneos*]" = YES;
				"INFOPLIST_KEY_UILaunchScreen_Generation[sdk=iphonesimulator*]" = YES;
				"INFOPLIST_KEY_UIStatusBarStyle[sdk=iphoneos*]" = UIStatusBarStyleDefault;
				"INFOPLIST_KEY_UIStatusBarStyle[sdk=iphonesimulator*]" = UIStatusBarStyleDefault;
				INFOPLIST_KEY_UISupportedInterfaceOrientations_iPad = "UIInterfaceOrientationPortrait UIInterfaceOrientationPortraitUpsideDown UIInterfaceOrientationLandscapeLeft UIInterfaceOrientationLandscapeRight";
				INFOPLIST_KEY_UISupportedInterfaceOrientations_iPhone = "UIInterfaceOrientationPortrait UIInterfaceOrientationLandscapeLeft UIInterfaceOrientationLandscapeRight";
				IPHONEOS_DEPLOYMENT_TARGET = 27.0;
				LD_RUNPATH_SEARCH_PATHS = "@executable_path/Frameworks";
				"LD_RUNPATH_SEARCH_PATHS[sdk=macosx*]" = "@executable_path/../Frameworks";
				MACOSX_DEPLOYMENT_TARGET = 27.0;
				MARKETING_VERSION = 1.0;
				PRODUCT_BUNDLE_IDENTIFIER = com.piyushpatnaik.StashKeeper;
				PRODUCT_NAME = "$(TARGET_NAME)";
				SDKROOT = auto;
				STRING_CATALOG_GENERATE_SYMBOLS = YES;
				SUPPORTED_PLATFORMS = "iphoneos iphonesimulator macosx";
				SWIFT_APPROACHABLE_CONCURRENCY = YES;
				SWIFT_DEFAULT_ACTOR_ISOLATION = MainActor;
				SWIFT_EMIT_LOC_STRINGS = YES;
				SWIFT_STRICT_CONCURRENCY = complete;
				SWIFT_UPCOMING_FEATURE_MEMBER_IMPORT_VISIBILITY = YES;
				SWIFT_VERSION = 6.0;
				TARGETED_DEVICE_FAMILY = "1,2";
			};
			name = Release;
		};
		7F3A04C12FFFA171009FE963 /* Debug configuration for PBXProject "StashKeeper" */ = {
			isa = XCBuildConfiguration;
			buildSettings = {
				ALWAYS_SEARCH_USER_PATHS = NO;
				ASSETCATALOG_COMPILER_GENERATE_SWIFT_ASSET_SYMBOL_EXTENSIONS = YES;
				CLANG_ANALYZER_NONNULL = YES;
				CLANG_ANALYZER_NUMBER_OBJECT_CONVERSION = YES_AGGRESSIVE;
				CLANG_CXX_LANGUAGE_STANDARD = "gnu++20";
				CLANG_ENABLE_MODULES = YES;
				CLANG_ENABLE_OBJC_ARC = YES;
				CLANG_ENABLE_OBJC_WEAK = YES;
				CLANG_WARN_BLOCK_CAPTURE_AUTORELEASING = YES;
				CLANG_WARN_BOOL_CONVERSION = YES;
				CLANG_WARN_COMMA = YES;
				CLANG_WARN_CONSTANT_CONVERSION = YES;
				CLANG_WARN_DEPRECATED_OBJC_IMPLEMENTATIONS = YES;
				CLANG_WARN_DIRECT_OBJC_ISA_USAGE = YES_ERROR;
				CLANG_WARN_DOCUMENTATION_COMMENTS = YES;
				CLANG_WARN_EMPTY_BODY = YES;
				CLANG_WARN_ENUM_CONVERSION = YES;
				CLANG_WARN_INFINITE_RECURSION = YES;
				CLANG_WARN_INT_CONVERSION = YES;
				CLANG_WARN_NON_LITERAL_NULL_CONVERSION = YES;
				CLANG_WARN_OBJC_IMPLICIT_RETAIN_SELF = YES;
				CLANG_WARN_OBJC_LITERAL_CONVERSION = YES;
				CLANG_WARN_OBJC_ROOT_CLASS = YES_ERROR;
				CLANG_WARN_QUOTED_INCLUDE_IN_FRAMEWORK_HEADER = YES;
				CLANG_WARN_RANGE_LOOP_ANALYSIS = YES;
				CLANG_WARN_STRICT_PROTOTYPES = YES;
				CLANG_WARN_SUSPICIOUS_MOVE = YES;
				CLANG_WARN_UNGUARDED_AVAILABILITY = YES_AGGRESSIVE;
				CLANG_WARN_UNREACHABLE_CODE = YES;
				CLANG_WARN__DUPLICATE_METHOD_MATCH = YES;
				COPY_PHASE_STRIP = NO;
				DEBUG_INFORMATION_FORMAT = dwarf;
				DEVELOPMENT_TEAM = U65M73K349;
				ENABLE_STRICT_OBJC_MSGSEND = YES;
				ENABLE_TESTABILITY = YES;
				ENABLE_USER_SCRIPT_SANDBOXING = YES;
				GCC_C_LANGUAGE_STANDARD = gnu17;
				GCC_DYNAMIC_NO_PIC = NO;
				GCC_NO_COMMON_BLOCKS = YES;
				GCC_OPTIMIZATION_LEVEL = 0;
				GCC_PREPROCESSOR_DEFINITIONS = (
					"DEBUG=1",
					"$(inherited)",
				);
				GCC_WARN_64_TO_32_BIT_CONVERSION = YES;
				GCC_WARN_ABOUT_RETURN_TYPE = YES_ERROR;
				GCC_WARN_UNDECLARED_SELECTOR = YES;
				GCC_WARN_UNINITIALIZED_AUTOS = YES_AGGRESSIVE;
				GCC_WARN_UNUSED_FUNCTION = YES;
				GCC_WARN_UNUSED_VARIABLE = YES;
				LOCALIZATION_PREFERS_STRING_CATALOGS = YES;
				MTL_ENABLE_DEBUG_INFO = INCLUDE_SOURCE;
				MTL_FAST_MATH = YES;
				ONLY_ACTIVE_ARCH = YES;
				SWIFT_ACTIVE_COMPILATION_CONDITIONS = "DEBUG $(inherited)";
				SWIFT_OPTIMIZATION_LEVEL = "-Onone";
			};
			name = Debug;
		};
		7F3A04C22FFFA171009FE963 /* Release configuration for PBXProject "StashKeeper" */ = {
			isa = XCBuildConfiguration;
			buildSettings = {
				ALWAYS_SEARCH_USER_PATHS = NO;
				ASSETCATALOG_COMPILER_GENERATE_SWIFT_ASSET_SYMBOL_EXTENSIONS = YES;
				CLANG_ANALYZER_NONNULL = YES;
				CLANG_ANALYZER_NUMBER_OBJECT_CONVERSION = YES_AGGRESSIVE;
				CLANG_CXX_LANGUAGE_STANDARD = "gnu++20";
				CLANG_ENABLE_MODULES = YES;
				CLANG_ENABLE_OBJC_ARC = YES;
				CLANG_ENABLE_OBJC_WEAK = YES;
				CLANG_WARN_BLOCK_CAPTURE_AUTORELEASING = YES;
				CLANG_WARN_BOOL_CONVERSION = YES;
				CLANG_WARN_COMMA = YES;
				CLANG_WARN_CONSTANT_CONVERSION = YES;
				CLANG_WARN_DEPRECATED_OBJC_IMPLEMENTATIONS = YES;
				CLANG_WARN_DIRECT_OBJC_ISA_USAGE = YES_ERROR;
				CLANG_WARN_DOCUMENTATION_COMMENTS = YES;
				CLANG_WARN_EMPTY_BODY = YES;
				CLANG_WARN_ENUM_CONVERSION = YES;
				CLANG_WARN_INFINITE_RECURSION = YES;
				CLANG_WARN_INT_CONVERSION = YES;
				CLANG_WARN_NON_LITERAL_NULL_CONVERSION = YES;
				CLANG_WARN_OBJC_IMPLICIT_RETAIN_SELF = YES;
				CLANG_WARN_OBJC_LITERAL_CONVERSION = YES;
				CLANG_WARN_OBJC_ROOT_CLASS = YES_ERROR;
				CLANG_WARN_QUOTED_INCLUDE_IN_FRAMEWORK_HEADER = YES;
				CLANG_WARN_RANGE_LOOP_ANALYSIS = YES;
				CLANG_WARN_STRICT_PROTOTYPES = YES;
				CLANG_WARN_SUSPICIOUS_MOVE = YES;
				CLANG_WARN_UNGUARDED_AVAILABILITY = YES_AGGRESSIVE;
				CLANG_WARN_UNREACHABLE_CODE = YES;
				CLANG_WARN__DUPLICATE_METHOD_MATCH = YES;
				COPY_PHASE_STRIP = NO;
				DEBUG_INFORMATION_FORMAT = "dwarf-with-dsym";
				DEVELOPMENT_TEAM = U65M73K349;
				ENABLE_NS_ASSERTIONS = NO;
				ENABLE_STRICT_OBJC_MSGSEND = YES;
				ENABLE_USER_SCRIPT_SANDBOXING = YES;
				GCC_C_LANGUAGE_STANDARD = gnu17;
				GCC_NO_COMMON_BLOCKS = YES;
				GCC_WARN_64_TO_32_BIT_CONVERSION = YES;
				GCC_WARN_ABOUT_RETURN_TYPE = YES_ERROR;
				GCC_WARN_UNDECLARED_SELECTOR = YES;
				GCC_WARN_UNINITIALIZED_AUTOS = YES_AGGRESSIVE;
				GCC_WARN_UNUSED_FUNCTION = YES;
				GCC_WARN_UNUSED_VARIABLE = YES;
				LOCALIZATION_PREFERS_STRING_CATALOGS = YES;
				MTL_ENABLE_DEBUG_INFO = NO;
				MTL_FAST_MATH = YES;
				SWIFT_COMPILATION_MODE = wholemodule;
			};
			name = Release;
		};
		7F3A06072FFFA200009FE963 /* Debug */ = {
			isa = XCBuildConfiguration;
			buildSettings = {
				CODE_SIGN_ENTITLEMENTS = StashKeeperWidgets/StashKeeperWidgetsExtension.entitlements;
				CODE_SIGN_STYLE = Automatic;
				CURRENT_PROJECT_VERSION = 1;
				DEVELOPMENT_TEAM = U65M73K349;
				GENERATE_INFOPLIST_FILE = YES;
				INFOPLIST_FILE = StashKeeperWidgets/Info.plist;
				INFOPLIST_KEY_CFBundleDisplayName = StashKeeper;
				INFOPLIST_KEY_NSHumanReadableCopyright = "";
				IPHONEOS_DEPLOYMENT_TARGET = 27.0;
				LD_RUNPATH_SEARCH_PATHS = (
					"$(inherited)",
					"@executable_path/Frameworks",
					"@executable_path/../../Frameworks",
				);
				MACOSX_DEPLOYMENT_TARGET = 27.0;
				MARKETING_VERSION = 1.0;
				PRODUCT_BUNDLE_IDENTIFIER = com.piyushpatnaik.StashKeeper.widgets;
				PRODUCT_NAME = "$(TARGET_NAME)";
				SDKROOT = auto;
				SKIP_INSTALL = YES;
				SUPPORTED_PLATFORMS = "iphoneos iphonesimulator macosx";
				SWIFT_APPROACHABLE_CONCURRENCY = YES;
				SWIFT_DEFAULT_ACTOR_ISOLATION = MainActor;
				SWIFT_EMIT_LOC_STRINGS = YES;
				SWIFT_STRICT_CONCURRENCY = complete;
				SWIFT_VERSION = 6.0;
				TARGETED_DEVICE_FAMILY = "1,2";
			};
			name = Debug;
		};
		7F3A06082FFFA200009FE963 /* Release */ = {
			isa = XCBuildConfiguration;
			buildSettings = {
				CODE_SIGN_ENTITLEMENTS = StashKeeperWidgets/StashKeeperWidgetsExtension.entitlements;
				CODE_SIGN_STYLE = Automatic;
				CURRENT_PROJECT_VERSION = 1;
				DEVELOPMENT_TEAM = U65M73K349;
				GENERATE_INFOPLIST_FILE = YES;
				INFOPLIST_FILE = StashKeeperWidgets/Info.plist;
				INFOPLIST_KEY_CFBundleDisplayName = StashKeeper;
				INFOPLIST_KEY_NSHumanReadableCopyright = "";
				IPHONEOS_DEPLOYMENT_TARGET = 27.0;
				LD_RUNPATH_SEARCH_PATHS = (
					"$(inherited)",
					"@executable_path/Frameworks",
					"@executable_path/../../Frameworks",
				);
				MACOSX_DEPLOYMENT_TARGET = 27.0;
				MARKETING_VERSION = 1.0;
				PRODUCT_BUNDLE_IDENTIFIER = com.piyushpatnaik.StashKeeper.widgets;
				PRODUCT_NAME = "$(TARGET_NAME)";
				SDKROOT = auto;
				SKIP_INSTALL = YES;
				SUPPORTED_PLATFORMS = "iphoneos iphonesimulator macosx";
				SWIFT_APPROACHABLE_CONCURRENCY = YES;
				SWIFT_DEFAULT_ACTOR_ISOLATION = MainActor;
				SWIFT_EMIT_LOC_STRINGS = YES;
				SWIFT_STRICT_CONCURRENCY = complete;
				SWIFT_VERSION = 6.0;
				TARGETED_DEVICE_FAMILY = "1,2";
			};
			name = Release;
		};
		7F3A06172FFFA200009FE963 /* Debug */ = {
			isa = XCBuildConfiguration;
			buildSettings = {
				BUNDLE_LOADER = "$(TEST_HOST)";
				CODE_SIGN_STYLE = Automatic;
				CURRENT_PROJECT_VERSION = 1;
				DEVELOPMENT_TEAM = U65M73K349;
				GENERATE_INFOPLIST_FILE = YES;
				IPHONEOS_DEPLOYMENT_TARGET = 27.0;
				MACOSX_DEPLOYMENT_TARGET = 27.0;
				MARKETING_VERSION = 1.0;
				PRODUCT_BUNDLE_IDENTIFIER = com.piyushpatnaik.StashKeeperTests;
				PRODUCT_NAME = "$(TARGET_NAME)";
				SDKROOT = auto;
				SUPPORTED_PLATFORMS = "iphoneos iphonesimulator macosx";
				SWIFT_APPROACHABLE_CONCURRENCY = YES;
				SWIFT_EMIT_LOC_STRINGS = NO;
				SWIFT_STRICT_CONCURRENCY = complete;
				SWIFT_VERSION = 6.0;
				TARGETED_DEVICE_FAMILY = "1,2";
				TEST_HOST = "$(BUILT_PRODUCTS_DIR)/StashKeeper.app/$(BUNDLE_EXECUTABLE_FOLDER_PATH)/StashKeeper";
			};
			name = Debug;
		};
		7F3A06182FFFA200009FE963 /* Release */ = {
			isa = XCBuildConfiguration;
			buildSettings = {
				BUNDLE_LOADER = "$(TEST_HOST)";
				CODE_SIGN_STYLE = Automatic;
				CURRENT_PROJECT_VERSION = 1;
				DEVELOPMENT_TEAM = U65M73K349;
				GENERATE_INFOPLIST_FILE = YES;
				IPHONEOS_DEPLOYMENT_TARGET = 27.0;
				MACOSX_DEPLOYMENT_TARGET = 27.0;
				MARKETING_VERSION = 1.0;
				PRODUCT_BUNDLE_IDENTIFIER = com.piyushpatnaik.StashKeeperTests;
				PRODUCT_NAME = "$(TARGET_NAME)";
				SDKROOT = auto;
				SUPPORTED_PLATFORMS = "iphoneos iphonesimulator macosx";
				SWIFT_APPROACHABLE_CONCURRENCY = YES;
				SWIFT_EMIT_LOC_STRINGS = NO;
				SWIFT_STRICT_CONCURRENCY = complete;
				SWIFT_VERSION = 6.0;
				TARGETED_DEVICE_FAMILY = "1,2";
				TEST_HOST = "$(BUILT_PRODUCTS_DIR)/StashKeeper.app/$(BUNDLE_EXECUTABLE_FOLDER_PATH)/StashKeeper";
			};
			name = Release;
		};
/* End XCBuildConfiguration section */

/* Begin XCConfigurationList section */
		7F3A04AB2FFFA16F009FE963 /* Build configuration list for PBXProject "StashKeeper" */ = {
			isa = XCConfigurationList;
			buildConfigurations = (
				7F3A04C12FFFA171009FE963 /* Debug configuration for PBXProject "StashKeeper" */,
				7F3A04C22FFFA171009FE963 /* Release configuration for PBXProject "StashKeeper" */,
			);
			defaultConfigurationName = Release;
		};
		7F3A04BE2FFFA171009FE963 /* Build configuration list for PBXNativeTarget "StashKeeper" */ = {
			isa = XCConfigurationList;
			buildConfigurations = (
				7F3A04BF2FFFA171009FE963 /* Debug configuration for PBXNativeTarget "StashKeeper" */,
				7F3A04C02FFFA171009FE963 /* Release configuration for PBXNativeTarget "StashKeeper" */,
			);
			defaultConfigurationName = Release;
		};
		7F3A06092FFFA200009FE963 /* Build configuration list for PBXNativeTarget "StashKeeperWidgets" */ = {
			isa = XCConfigurationList;
			buildConfigurations = (
				7F3A06072FFFA200009FE963 /* Debug */,
				7F3A06082FFFA200009FE963 /* Release */,
			);
			defaultConfigurationName = Release;
		};
		7F3A06192FFFA200009FE963 /* Build configuration list for PBXNativeTarget "StashKeeperTests" */ = {
			isa = XCConfigurationList;
			buildConfigurations = (
				7F3A06172FFFA200009FE963 /* Debug */,
				7F3A06182FFFA200009FE963 /* Release */,
			);
			defaultConfigurationName = Release;
		};
/* End XCConfigurationList section */
	};
	rootObject = 7F3A04A82FFFA16F009FE963 /* Project object */;
	validationLevel = 1;
}
